
Microsoft Visual Studio Solution File, Format Version 12.00
# Visual Studio Version 17
VisualStudioVersion = 17.3.32825.248
MinimumVisualStudioVersion = 10.0.40219.1
Project("{FAE04EC0-301F-11D3-BF4B-00C04F79EFBC}") = "Api", "Api\Api.csproj", "{888B1C8F-4A16-4AB4-BE53-2FE1566E2828}"
EndProject
Project("{9A19103F-16F7-4668-BE54-9A1E7A4F7556}") = "Application", "Application\Application.csproj", "{7014FCC2-1133-453F-8F0B-51BD8105B202}"
EndProject
Global
	GlobalSection(SolutionConfigurationPlatforms) = preSolution
		Debug|Any CPU = Debug|Any CPU
		Release|Any CPU = Release|Any CPU
	EndGlobalSection
	GlobalSection(ProjectConfigurationPlatforms) = postSolution
		{888B1C8F-4A16-4AB4-BE53-2FE1566E2828}.Debug|Any CPU.ActiveCfg = Debug|Any CPU
		{888B1C8F-4A16-4AB4-BE53-2FE1566E2828}.Debug|Any CPU.Build.0 = Debug|Any CPU
		{888B1C8F-4A16-4AB4-BE53-2FE1566E2828}.Release|Any CPU.ActiveCfg = Release|Any CPU
		{888B1C8F-4A16-4AB4-BE53-2FE1566E2828}.Release|Any CPU.Build.0 = Release|Any CPU
		{7014FCC2-1133-453F-8F0B-51BD8105B202}.Debug|Any CPU.ActiveCfg = Debug|Any CPU
		{7014FCC2-1133-453F-8F0B-51BD8105B202}.Debug|Any CPU.Build.0 = Debug|Any CPU
		{7014FCC2-1133-453F-8F0B-51BD8105B202}.Release|Any CPU.ActiveCfg = Release|Any CPU
		{7014FCC2-1133-453F-8F0B-51BD8105B202}.Release|Any CPU.Build.0 = Release|Any CPU
	EndGlobalSection
	GlobalSection(SolutionProperties) = preSolution
		HideSolutionNode = FALSE
	EndGlobalSection
	GlobalSection(ExtensibilityGlobals) = postSolution
		SolutionGuid = {94033995-144B-4D3A-93EB-FDEF444827E0}
	EndGlobalSection
EndGlobal
